Microsoft Visual Studio Solution File, Format Version 12.00
# Visual Studio Version 17
VisualStudioVersion = 17.5.2.0
MinimumVisualStudioVersion = 10.0.40219.1
Project("{FAE04EC0-301F-11D3-BF4B-00C04F79EFBC}") = "PersonInfoSystem.EF", "PersonInfoSystem.EF.csproj", "{9AAD1DF6-C65C-AF44-0F66-DC3404383DD7}"
EndProject
Global
	GlobalSection(SolutionConfigurationPlatforms) = preSolution
		Debug|Any CPU = Debug|Any CPU
		Release|Any CPU = Release|Any CPU
	EndGlobalSection
	GlobalSection(ProjectConfigurationPlatforms) = postSolution
		{9AAD1DF6-C65C-AF44-0F66-DC3404383DD7}.Debug|Any CPU.ActiveCfg = Debug|Any CPU
		{9AAD1DF6-C65C-AF44-0F66-DC3404383DD7}.Debug|Any CPU.Build.0 = Debug|Any CPU
		{9AAD1DF6-C65C-AF44-0F66-DC3404383DD7}.Release|Any CPU.ActiveCfg = Release|Any CPU
		{9AAD1DF6-C65C-AF44-0F66-DC3404383DD7}.Release|Any CPU.Build.0 = Release|Any CPU
	EndGlobalSection
	GlobalSection(SolutionProperties) = preSolution
		HideSolutionNode = FALSE
	EndGlobalSection
	GlobalSection(ExtensibilityGlobals) = postSolution
		SolutionGuid = {B33476D2-9E7E-4072-85DF-A554E2953CF6}
	EndGlobalSection
EndGlobal
